
Microsoft Visual Studio Solution File, Format Version 12.00
# Visual Studio 2013
VisualStudioVersion = 12.0.21005.1
MinimumVisualStudioVersion = 10.0.40219.1
Project("{FAE04EC0-301F-11D3-BF4B-00C04F79EFBC}") = "Macalania.Robototaker.MainFrame", "Macalania.Robototaker.MainFrame\Macalania.Robototaker.MainFrame.csproj", "{26A08EDD-302E-402A-9BE4-BDEFB9AD2432}"
EndProject
Project("{FAE04EC0-301F-11D3-BF4B-00C04F79EFBC}") = "Macalania.Robototaker.GameServer", "Macalania.Robototaker.GameServer\Macalania.Robototaker.GameServer.csproj", "{12A96794-694C-458C-8D41-A07E1FA880DF}"
EndProject
Project("{FAE04EC0-301F-11D3-BF4B-00C04F79EFBC}") = "Macalania.Robototaker.Log", "Macalania.Robototaker.Log\Macalania.Robototaker.Log.csproj", "{4B88B8AF-FEF4-413C-BB2C-0AB0BB53C5D8}"
EndProject
Project("{FAE04EC0-301F-11D3-BF4B-00C04F79EFBC}") = "Frame.Network", "Frame.Network\Frame.Network.csproj", "{A4FBB6A1-CF29-49CE-9145-D72D89AAD5B3}"
EndProject
Project("{FAE04EC0-301F-11D3-BF4B-00C04F79EFBC}") = "Macalania.Robototaker.Protocol", "Macalania.Robototaker.Protocol\Macalania.Robototaker.Protocol.csproj", "{97930DA9-8CE2-4BC6-A911-BAE1828C0FEC}"
EndProject
Project("{FAE04EC0-301F-11D3-BF4B-00C04F79EFBC}") = "Macalania.Probototaker.ServerLogic", "..\..\Game\Macalania.Probototaker.ServerLogic\Macalania.Probototaker.ServerLogic.csproj", "{5C659A89-DB6C-4336-BC9D-E2C375CA6FFD}"
EndProject
Project("{FAE04EC0-301F-11D3-BF4B-00C04F79EFBC}") = "Macalania.Probototaker.ServerGlobals", "Macalania.Probototaker.ServerGlobals\Macalania.Probototaker.ServerGlobals.csproj", "{C67FA7E4-56E3-4329-B348-BF059E3D9135}"
EndProject
Project("{FAE04EC0-301F-11D3-BF4B-00C04F79EFBC}") = "Lidgren.Network", "..\..\..\lidgren\Lidgren.Network\Lidgren.Network.csproj", "{49BA1C69-6104-41AC-A5D8-B54FA9F696E8}"
EndProject
Project("{FAE04EC0-301F-11D3-BF4B-00C04F79EFBC}") = "Lidgren XNA Extensions", "..\..\..\lidgren\Lidgren XNA Extensions\Lidgren XNA Extensions\Lidgren XNA Extensions.csproj", "{2B661ABD-63A8-4916-A94B-034729231271}"
EndProject
Global
	GlobalSection(SolutionConfigurationPlatforms) = preSolution
		Debug|Any CPU = Debug|Any CPU
		Debug|Mixed Platforms = Debug|Mixed Platforms
		Debug|x86 = Debug|x86
		Release|Any CPU = Release|Any CPU
		Release|Mixed Platforms = Release|Mixed Platforms
		Release|x86 = Release|x86
	EndGlobalSection
	GlobalSection(ProjectConfigurationPlatforms) = postSolution
		{26A08EDD-302E-402A-9BE4-BDEFB9AD2432}.Debug|Any CPU.ActiveCfg = Debug|Any CPU
		{26A08EDD-302E-402A-9BE4-BDEFB9AD2432}.Debug|Any CPU.Build.0 = Debug|Any CPU
		{26A08EDD-302E-402A-9BE4-BDEFB9AD2432}.Debug|Mixed Platforms.ActiveCfg = Debug|Any CPU
		{26A08EDD-302E-402A-9BE4-BDEFB9AD2432}.Debug|Mixed Platforms.Build.0 = Debug|Any CPU
		{26A08EDD-302E-402A-9BE4-BDEFB9AD2432}.Debug|x86.ActiveCfg = Debug|Any CPU
		{26A08EDD-302E-402A-9BE4-BDEFB9AD2432}.Release|Any CPU.ActiveCfg = Release|Any CPU
		{26A08EDD-302E-402A-9BE4-BDEFB9AD2432}.Release|Any CPU.Build.0 = Release|Any CPU
		{26A08EDD-302E-402A-9BE4-BDEFB9AD2432}.Release|Mixed Platforms.ActiveCfg = Release|Any CPU
		{26A08EDD-302E-402A-9BE4-BDEFB9AD2432}.Release|Mixed Platforms.Build.0 = Release|Any CPU
		{26A08EDD-302E-402A-9BE4-BDEFB9AD2432}.Release|x86.ActiveCfg = Release|Any CPU
		{12A96794-694C-458C-8D41-A07E1FA880DF}.Debug|Any CPU.ActiveCfg = Debug|Any CPU
		{12A96794-694C-458C-8D41-A07E1FA880DF}.Debug|Any CPU.Build.0 = Debug|Any CPU
		{12A96794-694C-458C-8D41-A07E1FA880DF}.Debug|Mixed Platforms.ActiveCfg = Debug|Any CPU
		{12A96794-694C-458C-8D41-A07E1FA880DF}.Debug|Mixed Platforms.Build.0 = Debug|Any CPU
		{12A96794-694C-458C-8D41-A07E1FA880DF}.Debug|x86.ActiveCfg = Debug|Any CPU
		{12A96794-694C-458C-8D41-A07E1FA880DF}.Release|Any CPU.ActiveCfg = Release|Any CPU
		{12A96794-694C-458C-8D41-A07E1FA880DF}.Release|Any CPU.Build.0 = Release|Any CPU
		{12A96794-694C-458C-8D41-A07E1FA880DF}.Release|Mixed Platforms.ActiveCfg = Release|Any CPU
		{12A96794-694C-458C-8D41-A07E1FA880DF}.Release|Mixed Platforms.Build.0 = Release|Any CPU
		{12A96794-694C-458C-8D41-A07E1FA880DF}.Release|x86.ActiveCfg = Release|Any CPU
		{4B88B8AF-FEF4-413C-BB2C-0AB0BB53C5D8}.Debug|Any CPU.ActiveCfg = Debug|Any CPU
		{4B88B8AF-FEF4-413C-BB2C-0AB0BB53C5D8}.Debug|Any CPU.Build.0 = Debug|Any CPU
		{4B88B8AF-FEF4-413C-BB2C-0AB0BB53C5D8}.Debug|Mixed Platforms.ActiveCfg = Debug|Any CPU
		{4B88B8AF-FEF4-413C-BB2C-0AB0BB53C5D8}.Debug|Mixed Platforms.Build.0 = Debug|Any CPU
		{4B88B8AF-FEF4-413C-BB2C-0AB0BB53C5D8}.Debug|x86.ActiveCfg = Debug|Any CPU
		{4B88B8AF-FEF4-413C-BB2C-0AB0BB53C5D8}.Release|Any CPU.ActiveCfg = Release|Any CPU
		{4B88B8AF-FEF4-413C-BB2C-0AB0BB53C5D8}.Release|Any CPU.Build.0 = Release|Any CPU
		{4B88B8AF-FEF4-413C-BB2C-0AB0BB53C5D8}.Release|Mixed Platforms.ActiveCfg = Release|Any CPU
		{4B88B8AF-FEF4-413C-BB2C-0AB0BB53C5D8}.Release|Mixed Platforms.Build.0 = Release|Any CPU
		{4B88B8AF-FEF4-413C-BB2C-0AB0BB53C5D8}.Release|x86.ActiveCfg = Release|Any CPU
		{A4FBB6A1-CF29-49CE-9145-D72D89AAD5B3}.Debug|Any CPU.ActiveCfg = Debug|Any CPU
		{A4FBB6A1-CF29-49CE-9145-D72D89AAD5B3}.Debug|Any CPU.Build.0 = Debug|Any CPU
		{A4FBB6A1-CF29-49CE-9145-D72D89AAD5B3}.Debug|Mixed Platforms.ActiveCfg = Debug|Any CPU
		{A4FBB6A1-CF29-49CE-9145-D72D89AAD5B3}.Debug|Mixed Platforms.Build.0 = Debug|Any CPU
		{A4FBB6A1-CF29-49CE-9145-D72D89AAD5B3}.Debug|x86.ActiveCfg = Debug|Any CPU
		{A4FBB6A1-CF29-49CE-9145-D72D89AAD5B3}.Release|Any CPU.ActiveCfg = Release|Any CPU
		{A4FBB6A1-CF29-49CE-9145-D72D89AAD5B3}.Release|Any CPU.Build.0 = Release|Any CPU
		{A4FBB6A1-CF29-49CE-9145-D72D89AAD5B3}.Release|Mixed Platforms.ActiveCfg = Release|Any CPU
		{A4FBB6A1-CF29-49CE-9145-D72D89AAD5B3}.Release|Mixed Platforms.Build.0 = Release|Any CPU
		{A4FBB6A1-CF29-49CE-9145-D72D89AAD5B3}.Release|x86.ActiveCfg = Release|Any CPU
		{97930DA9-8CE2-4BC6-A911-BAE1828C0FEC}.Debug|Any CPU.ActiveCfg = Debug|Any CPU
		{97930DA9-8CE2-4BC6-A911-BAE1828C0FEC}.Debug|Any CPU.Build.0 = Debug|Any CPU
		{97930DA9-8CE2-4BC6-A911-BAE1828C0FEC}.Debug|Mixed Platforms.ActiveCfg = Debug|Any CPU
		{97930DA9-8CE2-4BC6-A911-BAE1828C0FEC}.Debug|Mixed Platforms.Build.0 = Debug|Any CPU
		{97930DA9-8CE2-4BC6-A911-BAE1828C0FEC}.Debug|x86.ActiveCfg = Debug|Any CPU
		{97930DA9-8CE2-4BC6-A911-BAE1828C0FEC}.Release|Any CPU.ActiveCfg = Release|Any CPU
		{97930DA9-8CE2-4BC6-A911-BAE1828C0FEC}.Release|Any CPU.Build.0 = Release|Any CPU
		{97930DA9-8CE2-4BC6-A911-BAE1828C0FEC}.Release|Mixed Platforms.ActiveCfg = Release|Any CPU
		{97930DA9-8CE2-4BC6-A911-BAE1828C0FEC}.Release|Mixed Platforms.Build.0 = Release|Any CPU
		{97930DA9-8CE2-4BC6-A911-BAE1828C0FEC}.Release|x86.ActiveCfg = Release|Any CPU
		{5C659A89-DB6C-4336-BC9D-E2C375CA6FFD}.Debug|Any CPU.ActiveCfg = Debug|Any CPU
		{5C659A89-DB6C-4336-BC9D-E2C375CA6FFD}.Debug|Any CPU.Build.0 = Debug|Any CPU
		{5C659A89-DB6C-4336-BC9D-E2C375CA6FFD}.Debug|Mixed Platforms.ActiveCfg = Debug|Any CPU
		{5C659A89-DB6C-4336-BC9D-E2C375CA6FFD}.Debug|Mixed Platforms.Build.0 = Debug|Any CPU
		{5C659A89-DB6C-4336-BC9D-E2C375CA6FFD}.Debug|x86.ActiveCfg = Debug|Any CPU
		{5C659A89-DB6C-4336-BC9D-E2C375CA6FFD}.Release|Any CPU.ActiveCfg = Release|Any CPU
		{5C659A89-DB6C-4336-BC9D-E2C375CA6FFD}.Release|Any CPU.Build.0 = Release|Any CPU
		{5C659A89-DB6C-4336-BC9D-E2C375CA6FFD}.Release|Mixed Platforms.ActiveCfg = Release|Any CPU
		{5C659A89-DB6C-4336-BC9D-E2C375CA6FFD}.Release|Mixed Platforms.Build.0 = Release|Any CPU
		{5C659A89-DB6C-4336-BC9D-E2C375CA6FFD}.Release|x86.ActiveCfg = Release|Any CPU
		{C67FA7E4-56E3-4329-B348-BF059E3D9135}.Debug|Any CPU.ActiveCfg = Debug|Any CPU
		{C67FA7E4-56E3-4329-B348-BF059E3D9135}.Debug|Any CPU.Build.0 = Debug|Any CPU
		{C67FA7E4-56E3-4329-B348-BF059E3D9135}.Debug|Mixed Platforms.ActiveCfg = Debug|Any CPU
		{C67FA7E4-56E3-4329-B348-BF059E3D9135}.Debug|Mixed Platforms.Build.0 = Debug|Any CPU
		{C67FA7E4-56E3-4329-B348-BF059E3D9135}.Debug|x86.ActiveCfg = Debug|Any CPU
		{C67FA7E4-56E3-4329-B348-BF059E3D9135}.Release|Any CPU.ActiveCfg = Release|Any CPU
		{C67FA7E4-56E3-4329-B348-BF059E3D9135}.Release|Any CPU.Build.0 = Release|Any CPU
		{C67FA7E4-56E3-4329-B348-BF059E3D9135}.Release|Mixed Platforms.ActiveCfg = Release|Any CPU
		{C67FA7E4-56E3-4329-B348-BF059E3D9135}.Release|Mixed Platforms.Build.0 = Release|Any CPU
		{C67FA7E4-56E3-4329-B348-BF059E3D9135}.Release|x86.ActiveCfg = Release|Any CPU
		{49BA1C69-6104-41AC-A5D8-B54FA9F696E8}.Debug|Any CPU.ActiveCfg = Debug|Any CPU
		{49BA1C69-6104-41AC-A5D8-B54FA9F696E8}.Debug|Any CPU.Build.0 = Debug|Any CPU
		{49BA1C69-6104-41AC-A5D8-B54FA9F696E8}.Debug|Mixed Platforms.ActiveCfg = Debug|Any CPU
		{49BA1C69-6104-41AC-A5D8-B54FA9F696E8}.Debug|Mixed Platforms.Build.0 = Debug|Any CPU
		{49BA1C69-6104-41AC-A5D8-B54FA9F696E8}.Debug|x86.ActiveCfg = Debug|Any CPU
		{49BA1C69-6104-41AC-A5D8-B54FA9F696E8}.Release|Any CPU.ActiveCfg = Release|Any CPU
		{49BA1C69-6104-41AC-A5D8-B54FA9F696E8}.Release|Any CPU.Build.0 = Release|Any CPU
		{49BA1C69-6104-41AC-A5D8-B54FA9F696E8}.Release|Mixed Platforms.ActiveCfg = Release|Any CPU
		{49BA1C69-6104-41AC-A5D8-B54FA9F696E8}.Release|Mixed Platforms.Build.0 = Release|Any CPU
		{49BA1C69-6104-41AC-A5D8-B54FA9F696E8}.Release|x86.ActiveCfg = Release|Any CPU
		{2B661ABD-63A8-4916-A94B-034729231271}.Debug|Any CPU.ActiveCfg = Debug|Any CPU
		{2B661ABD-63A8-4916-A94B-034729231271}.Debug|Any CPU.Build.0 = Debug|Any CPU
		{2B661ABD-63A8-4916-A94B-034729231271}.Debug|Mixed Platforms.ActiveCfg = Debug|Any CPU
		{2B661ABD-63A8-4916-A94B-034729231271}.Debug|Mixed Platforms.Build.0 = Debug|Any CPU
		{2B661ABD-63A8-4916-A94B-034729231271}.Debug|x86.ActiveCfg = Debug|Any CPU
		{2B661ABD-63A8-4916-A94B-034729231271}.Release|Any CPU.ActiveCfg = Release|Any CPU
		{2B661ABD-63A8-4916-A94B-034729231271}.Release|Any CPU.Build.0 = Release|Any CPU
		{2B661ABD-63A8-4916-A94B-034729231271}.Release|Mixed Platforms.ActiveCfg = Release|Any CPU
		{2B661ABD-63A8-4916-A94B-034729231271}.Release|Mixed Platforms.Build.0 = Release|Any CPU
		{2B661ABD-63A8-4916-A94B-034729231271}.Release|x86.ActiveCfg = Release|Any CPU
	EndGlobalSection
	GlobalSection(SolutionProperties) = preSolution
		HideSolutionNode = FALSE
	EndGlobalSection
EndGlobal
